github.com/ActiveState/termtest/conpty v0.5.0 h1:JLUe6YDs4Jw4xNPCU+8VwTpniYOGeKzQg4SM2YHQNA8=
github.com/ActiveState/termtest/conpty v0.5.0/go.mod h1:LO4208FLsxw6DcNZ1UtuGUMW+ga9PFtX4ntv8Ymg9og=
github.com/Azure/go-ansiterm v0.0.0-20170929234023-d6e3b3328b78/go.mod h1:LmzpDX56iTiv29bbRTIsUNlaFfuhWRQBWjQdVyAevI8=
github.com/Azure/go-ansiterm v0.0.0-20250102033503-faa5f7b0171c h1:udKWzYgxTojEKWjV8V+WSxDXJ4NFATAsZjh8iIbsQIg=
github.com/Azure/go-ansiterm v0.0.0-20250102033503-faa5f7b0171c/go.mod h1:xomTg63KZ2rFqZQzSB4Vz2SUXa1BpHTVz9L5PTmPC4E=
github.com/KarpelesLab/weak v0.1.1 h1:fNnlPo3aypS9tBzoEQluY13XyUfd/eWaSE/vMvo9s4g=
github.com/KarpelesLab/weak v0.1.1/go.mod h1:pzXsWs5f2bf+fpgHayTlBE1qJpO3MpJKo5sRaLu1XNw=
github.com/creack/pty v1.1.9/go.mod h1:oKZEueFk5CKHvIhNR5MUki03XCEU+Q6VDXinZuGJ33E=
github.com/creack/pty v1.1.24 h1:bJrF4RRfyJnbTJqzRLHzcGaZK1NeM5kTC9jGgovnR1s=
github.com/creack/pty v1.1.24/go.mod h1:08sCNb52WyoAwi2QDyzUCTgcvVFhUzewun7wtTfvcwE=
github.com/davecgh/go-spew v1.1.1 h1:vj9j/u1bqnvCEfJOwUhtlOARqs3+rkHYY13jYWTU97c=
github.com/davecgh/go-spew v1.1.1/go.mod h1:J7Y8YcW2NihsgmVo/mv3lAwl/skON4iLHjSsI+c5H38=
github.com/diamondburned/gotk4/pkg v0.3.1 h1:uhkXSUPUsCyz3yujdvl7DSN8jiLS2BgNTQE95hk6ygg=
github.com/diamondburned/gotk4/pkg v0.3.1/go.mod h1:DqeOW+MxSZFg9OO+esk4JgQk0TiUJJUBfMltKhG+ub4=
github.com/diamondburned/gotkit v0.0.0-20250223060613-69614d9e70a9 h1:wSmQpvhq+4WPPrGYGbgU4mjH/VlV/GAtZMRcYWL3tWo=
github.com/diamondburned/gotkit v0.0.0-20250223060613-69614d9e70a9/go.mod h1:q1dOQM23dU0bHO6W2iwEy1dwxQBw3so4H0CZRp4O58Q=
github.com/google/uuid v1.6.0 h1:NIvaJDMOsjHA8n1jAhLSgzrAzy1Hgr+hNrb57e+94F0=
github.com/google/uuid v1.6.0/go.mod h1:TIyPZe4MgqvfeYDBFedMoGGpEw/LqOeaOT+nhxU+yHo=
github.com/inhies/go-bytesize v0.0.0-20220417184213-4913239db9cf h1:FtEj8sfIcaaBfAKrE1Cwb61YDtYq9JxChK1c7AKce7s=
github.com/inhies/go-bytesize v0.0.0-20220417184213-4913239db9cf/go.mod h1:yrqSXGoD/4EKfF26AOGzscPOgTTJcyAwM2rpixWT+t4=
github.com/jessevdk/go-flags v1.6.1 h1:Cvu5U8UGrLay1rZfv/zP7iLpSHGUZ/Ou68T0iX1bBK4=
github.com/jessevdk/go-flags v1.6.1/go.mod h1:Mk8T1hIAWpOiJiHa9rJASDK2UGWji0EuPGBnNLMooyc=
github.com/kr/pty v1.1.1/go.mod h1:pFQYn66WHrOpPYNljwOMqo10TkYh1fy3cYio2l3bCsQ=
github.com/kr/text v0.1.0/go.mod h1:4Jbv+DJW3UT/LiOwJeYQe1efqtUx/iVham/4vfdArNI=
github.com/kr/text v0.2.0 h1:5Nx0Ya0ZqY2ygV366QzturHI13Jq95ApcVaJBhpS+AY=
github.com/kr/text v0.2.0/go.mod h1:eLer722TekiGuMkidMxC/pM04lWEeraHUUmBw8l2grE=
github.com/lmittmann/tint v1.1.3 h1:Hv4EaHWXQr+GTFnOU4VKf8UvAtZgn0VuKT+G0wFlO3I=
github.com/lmittmann/tint v1.1.3/go.mod h1:HIS3gSy7qNwGCj+5oRjAutErFBl4BzdQP6cJZ0NfMwE=
github.com/mattn/go-isatty v0.0.22 h1:j8l17JJ9i6VGPUFUYoTUKPSgKe/83EYU2zBC7YNKMw4=
github.com/mattn/go-isatty v0.0.22/go.mod h1:ZXfXG4SQHsB/w3ZeOYbR0PrPwLy+n6xiMrJlRFqopa4=
github.com/mitchellh/mapstructure v1.5.0 h1:jeMsZIYE/09sWLaz43PL7Gy6RuMjD2eJVyuac5Z2hdY=
github.com/mitchellh/mapstructure v1.5.0/go.mod h1:bFUtVrKA4DC2yAKiSyO/QUcy7e+RRV2QTWOzhPopBRo=
github.com/nagylzs/gotk4-vte v0.0.0-20250713080014-ccf6bcafce26 h1:snjFuYiNneiOuKFFRfdT8mpvrrJFEY3C//qTwlC9yk4=
github.com/nagylzs/gotk4-vte v0.0.0-20250713080014-ccf6bcafce26/go.mod h1:kCUths1A7I1PnWc0FyX7byaPLNCGm8Ax3iXI6lWlo9I=
github.com/nagylzs/set v0.0.0-20250912150903-ab46110d11ed h1:H7iz866pDOT48MsNECVf2e60WBHdsWVpSVF/hiD6PQ4=
github.com/nagylzs/set v0.0.0-20250912150903-ab46110d11ed/go.mod h1:77nzg1vitim2UsDk45VeqdMdpmOhDsYBo3DG3debtcg=
github.com/niemeyer/pretty v0.0.0-20200227124842-a10e7caefd8e h1:fD57ERR4JtEqsWbfPhv4DMiApHyliiK5xCTNVSPiaAs=
github.com/niemeyer/pretty v0.0.0-20200227124842-a10e7caefd8e/go.mod h1:zD1mROLANZcx1PVRCS0qkT7pwLkGfwJo4zjcN/Tysno=
github.com/pmezard/go-difflib v1.0.0 h1:4DBwDE0NGyQoBHbLQYPwSUPoCMWR5BEzIk/f1lZbAQM=
github.com/pmezard/go-difflib v1.0.0/go.mod h1:iKH77koFhYxTK1pcRnkKkqfTogsbg7gZNVY4sRDYZ/4=
github.com/prometheus-community/pro-bing v0.9.1 h1:kpuAr6AU2oRtzGihJSUcetHtjc7ku7h6PxeuW9RVrQw=
github.com/prometheus-community/pro-bing v0.9.1/go.mod h1:z79wYTxAOf6FpTng0QdIhZ3j/Nd5l3+gnFSCIT+SiSQ=
github.com/stretchr/testify v1.10.0 h1:Xv5erBjTwe/5IxqUQTdXv5kgmIvbHo3QQyRwhJsOfJA=
github.com/stretchr/testify v1.10.0/go.mod h1:r2ic/lqez/lEtzL7wO/rwa5dbSLXVDPFyf8C91i36aY=
github.com/vmihailenco/msgpack/v5 v5.4.1 h1:cQriyiUvjTwOHg8QZaPihLWeRAAVoCpE00IUPn0Bjt8=
github.com/vmihailenco/msgpack/v5 v5.4.1/go.mod h1:GaZTsDaehaPpQVyxrf5mtQlH+pc21PIudVV/E3rRQok=
github.com/vmihailenco/tagparser/v2 v2.0.0 h1:y09buUbR+b5aycVFQs/g70pqKVZNBmxwAhO7/IwNM9g=
github.com/vmihailenco/tagparser/v2 v2.0.0/go.mod h1:Wri+At7QHww0WTrCBeu4J6bNtoV6mEfg5OIWRZA9qds=
github.com/xtaci/smux v1.5.57 h1:N72VbGoSYxgcm6mPOYX0QzEZNVD3UI/JlVvAtXF+WrY=
github.com/xtaci/smux v1.5.57/go.mod h1:IGQ9QYrBphmb/4aTnLEcJby0TNr3NV+OslIOMrX825Q=
go4.org/unsafe/assume-no-moving-gc v0.0.0-20231121144256-b99613f794b6 h1:lGdhQUN/cnWdSH3291CUuxSEqc+AsGTiDxPP3r2J0l4=
go4.org/unsafe/assume-no-moving-gc v0.0.0-20231121144256-b99613f794b6/go.mod h1:FftLjUGFEDu5k8lt0ddY+HcrH/qU/0qk+H8j9/nTl3E=
golang.org/x/net v0.56.0 h1:Rw8j/hFzGvJUZwNBXnAtf5sVDVt+65SK2C7IxCxZt5o=
golang.org/x/net v0.56.0/go.mod h1:D3Ku6r+V6JROoZK144D2XfMHFcMq/0zSfLelVTCFKec=
golang.org/x/sync v0.21.0 h1:HLII4xRRTtCRkxYp4HNFF0Js/Og6q2i++KXbg0gHCwM=
golang.org/x/sync v0.21.0/go.mod h1:9xrNwdLfx4jkKbNva9FpL6vEN7evnE43NNNJQ2LF3+0=
golang.org/x/sys v0.0.0-20200428200454-593003d681fa/go.mod h1:h1NjWce9XRLGQEsW7wpKNCjG9DtNlClVuFLEZdDNbEs=
golang.org/x/sys v0.0.0-20210616094352-59db8d763f22/go.mod h1:oPkhp1MJrh7nUepCBck5+mAzfO9JrbApNNgaTdGDITg=
golang.org/x/sys v0.46.0 h1:noSf2Fq6F8DBgS+LysIkx7rIExoNHJsxOAtPp4rthXw=
golang.org/x/sys v0.46.0/go.mod h1:4GL1E5IUh+htKOUEOaiffhrAeqysfVGipDYzABqnCmw=
gopkg.in/check.v1 v0.0.0-20161208181325-20d25e280405/go.mod h1:Co6ibVJAznAaIkqp8huTwlJQCZ016jof/cbN4VW5Yz0=
gopkg.in/check.v1 v1.0.0-20200227125254-8fa46927fb4f h1:BLraFXnmrev5lT+xlilqcH8XK9/i0At2xKjWk4p6zsU=
gopkg.in/check.v1 v1.0.0-20200227125254-8fa46927fb4f/go.mod h1:Co6ibVJAznAaIkqp8huTwlJQCZ016jof/cbN4VW5Yz0=
gopkg.in/yaml.v2 v2.4.0 h1:D8xgwECY7CYvx+Y2n4sBz93Jn9JRvxdiyyo8CTfuKaY=
gopkg.in/yaml.v2 v2.4.0/go.mod h1:RDklbk79AGWmwhnvt/jBztapEOGDOx6ZbXqjP6csGnQ=
gopkg.in/yaml.v3 v3.0.1 h1:fxVm/GzAzEWqLHuvctI91KS9hhNmmWOoWu0XTYJS7CA=
gopkg.in/yaml.v3 v3.0.1/go.mod h1:K4uyk7z7BCEPqu6E+C64Yfv1cQ7kz7rIZviUmN+EgEM=
